// !$*UTF8*$!
{
	archiveVersion = 1;
	classes = {
	};
	objectVersion = 56;
	objects = {

/* Begin PBXBuildFile section */
		302396592AE3DB1100FACAAC /* SearchTextCollectionViewCell.swift in Sources */ = {isa = PBXBuildFile; fileRef = 302396572AE3DB1100FACAAC /* SearchTextCollectionViewCell.swift */; };
		3023965A2AE3DB1100FACAAC /* SearchTextCollectionViewCell.xib in Resources */ = {isa = PBXBuildFile; fileRef = 302396582AE3DB1100FACAAC /* SearchTextCollectionViewCell.xib */; };
		30552A442ACEB19F002DC455 /* AppDelegate.swift in Sources */ = {isa = PBXBuildFile; fileRef = 30552A432ACEB19F002DC455 /* AppDelegate.swift */; };
		30552A462ACEB19F002DC455 /* SceneDelegate.swift in Sources */ = {isa = PBXBuildFile; fileRef = 30552A452ACEB19F002DC455 /* SceneDelegate.swift */; };
		30552A4D2ACEB19F002DC455 /* Assets.xcassets in Resources */ = {isa = PBXBuildFile; fileRef = 30552A4C2ACEB19F002DC455 /* Assets.xcassets */; };
		30552A502ACEB19F002DC455 /* LaunchScreen.storyboard in Resources */ = {isa = PBXBuildFile; fileRef = 30552A4E2ACEB19F002DC455 /* LaunchScreen.storyboard */; };
		30552A592ACEB28A002DC455 /* OnboardingViewController.swift in Sources */ = {isa = PBXBuildFile; fileRef = 30552A572ACEB28A002DC455 /* OnboardingViewController.swift */; };
		30552A5A2ACEB28A002DC455 /* OnboardingViewController.xib in Resources */ = {isa = PBXBuildFile; fileRef = 30552A582ACEB28A002DC455 /* OnboardingViewController.xib */; };
		307AAB422AD9176D00B751E7 /* MainViewController.swift in Sources */ = {isa = PBXBuildFile; fileRef = 307AAB402AD9176D00B751E7 /* MainViewController.swift */; };
		307AAB432AD9176D00B751E7 /* MainViewController.xib in Resources */ = {isa = PBXBuildFile; fileRef = 307AAB412AD9176D00B751E7 /* MainViewController.xib */; };
		30846C352ADE871200C3DF97 /* SearchPhotosResponce.swift in Sources */ = {isa = PBXBuildFile; fileRef = 30846C342ADE871200C3DF97 /* SearchPhotosResponce.swift */; };
		3088158D2AE23A5000478BF5 /* PhotoCollectionViewCell.swift in Sources */ = {isa = PBXBuildFile; fileRef = 3088158B2AE23A5000478BF5 /* PhotoCollectionViewCell.swift */; };
		3088158E2AE23A5000478BF5 /* PhotoCollectionViewCell.xib in Resources */ = {isa = PBXBuildFile; fileRef = 3088158C2AE23A5000478BF5 /* PhotoCollectionViewCell.xib */; };
		308815912AE2933D00478BF5 /* ImageScrollViewController.swift in Sources */ = {isa = PBXBuildFile; fileRef = 3088158F2AE2933D00478BF5 /* ImageScrollViewController.swift */; };
		308815922AE2933D00478BF5 /* ImageScrollViewController.xib in Resources */ = {isa = PBXBuildFile; fileRef = 308815902AE2933D00478BF5 /* ImageScrollViewController.xib */; };
		308CC82A2AD82E29005B70A2 /* OnboardingModel.swift in Sources */ = {isa = PBXBuildFile; fileRef = 308CC8292AD82E29005B70A2 /* OnboardingModel.swift */; };
		30C699382ACFEB5C00415C91 /* OnboardingCollectionViewCell.swift in Sources */ = {isa = PBXBuildFile; fileRef = 30C699362ACFEB5C00415C91 /* OnboardingCollectionViewCell.swift */; };
		30C699392ACFEB5C00415C91 /* OnboardingCollectionViewCell.xib in Resources */ = {isa = PBXBuildFile; fileRef = 30C699372ACFEB5C00415C91 /* OnboardingCollectionViewCell.xib */; };
/* End PBXBuildFile section */

/* Begin PBXFileReference section */
		302396572AE3DB1100FACAAC /* SearchTextCollectionViewCell.swift */ = {isa = PBXFileReference; lastKnownFileType = sourcecode.swift; path = SearchTextCollectionViewCell.swift; sourceTree = "<group>"; };
		302396582AE3DB1100FACAAC /* SearchTextCollectionViewCell.xib */ = {isa = PBXFileReference; lastKnownFileType = file.xib; path = SearchTextCollectionViewCell.xib; sourceTree = "<group>"; };
		30552A402ACEB19F002DC455 /* Pexels.app */ = {isa = PBXFileReference; explicitFileType = wrapper.application; includeInIndex = 0; path = Pexels.app; sourceTree = BUILT_PRODUCTS_DIR; };
		30552A432ACEB19F002DC455 /* AppDelegate.swift */ = {isa = PBXFileReference; lastKnownFileType = sourcecode.swift; path = AppDelegate.swift; sourceTree = "<group>"; };
		30552A452ACEB19F002DC455 /* SceneDelegate.swift */ = {isa = PBXFileReference; lastKnownFileType = sourcecode.swift; path = SceneDelegate.swift; sourceTree = "<group>"; };
		30552A4C2ACEB19F002DC455 /* Assets.xcassets */ = {isa = PBXFileReference; lastKnownFileType = folder.assetcatalog; path = Assets.xcassets; sourceTree = "<group>"; };
		30552A4F2ACEB19F002DC455 /* Base */ = {isa = PBXFileReference; lastKnownFileType = file.storyboard; name = Base; path = Base.lproj/LaunchScreen.storyboard; sourceTree = "<group>"; };
		30552A512ACEB19F002DC455 /* Info.plist */ = {isa = PBXFileReference; lastKnownFileType = text.plist.xml; path = Info.plist; sourceTree = "<group>"; };
		30552A572ACEB28A002DC455 /* OnboardingViewController.swift */ = {isa = PBXFileReference; lastKnownFileType = sourcecode.swift; path = OnboardingViewController.swift; sourceTree = "<group>"; };
		30552A582ACEB28A002DC455 /* OnboardingViewController.xib */ = {isa = PBXFileReference; lastKnownFileType = file.xib; path = OnboardingViewController.xib; sourceTree = "<group>"; };
		307AAB402AD9176D00B751E7 /* MainViewController.swift */ = {isa = PBXFileReference; lastKnownFileType = sourcecode.swift; path = MainViewController.swift; sourceTree = "<group>"; };
		307AAB412AD9176D00B751E7 /* MainViewController.xib */ = {isa = PBXFileReference; lastKnownFileType = file.xib; path = MainViewController.xib; sourceTree = "<group>"; };
		30846C342ADE871200C3DF97 /* SearchPhotosResponce.swift */ = {isa = PBXFileReference; lastKnownFileType = sourcecode.swift; path = SearchPhotosResponce.swift; sourceTree = "<group>"; };
		3088158B2AE23A5000478BF5 /* PhotoCollectionViewCell.swift */ = {isa = PBXFileReference; lastKnownFileType = sourcecode.swift; path = PhotoCollectionViewCell.swift; sourceTree = "<group>"; };
		3088158C2AE23A5000478BF5 /* PhotoCollectionViewCell.xib */ = {isa = PBXFileReference; lastKnownFileType = file.xib; path = PhotoCollectionViewCell.xib; sourceTree = "<group>"; };
		3088158F2AE2933D00478BF5 /* ImageScrollViewController.swift */ = {isa = PBXFileReference; lastKnownFileType = sourcecode.swift; path = ImageScrollViewController.swift; sourceTree = "<group>"; };
		308815902AE2933D00478BF5 /* ImageScrollViewController.xib */ = {isa = PBXFileReference; lastKnownFileType = file.xib; path = ImageScrollViewController.xib; sourceTree = "<group>"; };
		308CC8292AD82E29005B70A2 /* OnboardingModel.swift */ = {isa = PBXFileReference; lastKnownFileType = sourcecode.swift; name = OnboardingModel.swift; path = ../../../../Documents/OnboardingModel.swift; sourceTree = "<group>"; };
		30C699362ACFEB5C00415C91 /* OnboardingCollectionViewCell.swift */ = {isa = PBXFileReference; lastKnownFileType = sourcecode.swift; path = OnboardingCollectionViewCell.swift; sourceTree = "<group>"; };
		30C699372ACFEB5C00415C91 /* OnboardingCollectionViewCell.xib */ = {isa = PBXFileReference; lastKnownFileType = file.xib; path = OnboardingCollectionViewCell.xib; sourceTree = "<group>"; };
/* End PBXFileReference section */

/* Begin PBXFrameworksBuildPhase section */
		30552A3D2ACEB19E002DC455 /* Frameworks */ = {
			isa = PBXFrameworksBuildPhase;
			buildActionMask = 2147483647;
			files = (
			);
			runOnlyForDeploymentPostprocessing = 0;
		};
/* End PBXFrameworksBuildPhase section */

/* Begin PBXGroup section */
		30552A372ACEB19E002DC455 = {
			isa = PBXGroup;
			children = (
				30552A422ACEB19F002DC455 /* Pexels */,
				30552A412ACEB19F002DC455 /* Products */,
			);
			sourceTree = "<group>";
		};
		30552A412ACEB19F002DC455 /* Products */ = {
			isa = PBXGroup;
			children = (
				30552A402ACEB19F002DC455 /* Pexels.app */,
			);
			name = Products;
			sourceTree = "<group>";
		};
		30552A422ACEB19F002DC455 /* Pexels */ = {
			isa = PBXGroup;
			children = (
				30552A432ACEB19F002DC455 /* AppDelegate.swift */,
				307AAB402AD9176D00B751E7 /* MainViewController.swift */,
				307AAB412AD9176D00B751E7 /* MainViewController.xib */,
				30552A452ACEB19F002DC455 /* SceneDelegate.swift */,
				30552A4C2ACEB19F002DC455 /* Assets.xcassets */,
				30552A4E2ACEB19F002DC455 /* LaunchScreen.storyboard */,
				30552A512ACEB19F002DC455 /* Info.plist */,
				30552A572ACEB28A002DC455 /* OnboardingViewController.swift */,
				30552A582ACEB28A002DC455 /* OnboardingViewController.xib */,
				30C699362ACFEB5C00415C91 /* OnboardingCollectionViewCell.swift */,
				30C699372ACFEB5C00415C91 /* OnboardingCollectionViewCell.xib */,
				308CC8292AD82E29005B70A2 /* OnboardingModel.swift */,
				30846C342ADE871200C3DF97 /* SearchPhotosResponce.swift */,
				3088158B2AE23A5000478BF5 /* PhotoCollectionViewCell.swift */,
				3088158C2AE23A5000478BF5 /* PhotoCollectionViewCell.xib */,
				3088158F2AE2933D00478BF5 /* ImageScrollViewController.swift */,
				308815902AE2933D00478BF5 /* ImageScrollViewController.xib */,
				302396572AE3DB1100FACAAC /* SearchTextCollectionViewCell.swift */,
				302396582AE3DB1100FACAAC /* SearchTextCollectionViewCell.xib */,
			);
			path = Pexels;
			sourceTree = "<group>";
		};
/* End PBXGroup section */

/* Begin PBXNativeTarget section */
		30552A3F2ACEB19E002DC455 /* Pexels */ = {
			isa = PBXNativeTarget;
			buildConfigurationList = 30552A542ACEB19F002DC455 /* Build configuration list for PBXNativeTarget "Pexels" */;
			buildPhases = (
				30552A3C2ACEB19E002DC455 /* Sources */,
				30552A3D2ACEB19E002DC455 /* Frameworks */,
				30552A3E2ACEB19E002DC455 /* Resources */,
			);
			buildRules = (
			);
			dependencies = (
			);
			name = Pexels;
			productName = Pexels;
			productReference = 30552A402ACEB19F002DC455 /* Pexels.app */;
			productType = "com.apple.product-type.application";
		};
/* End PBXNativeTarget section */

/* Begin PBXProject section */
		30552A382ACEB19E002DC455 /* Project object */ = {
			isa = PBXProject;
			attributes = {
				BuildIndependentTargetsInParallel = 1;
				LastSwiftUpdateCheck = 1430;
				LastUpgradeCheck = 1430;
				TargetAttributes = {
					30552A3F2ACEB19E002DC455 = {
						CreatedOnToolsVersion = 14.3.1;
					};
				};
			};
			buildConfigurationList = 30552A3B2ACEB19E002DC455 /* Build configuration list for PBXProject "Pexels" */;
			compatibilityVersion = "Xcode 14.0";
			developmentRegion = en;
			hasScannedForEncodings = 0;
			knownRegions = (
				en,
				Base,
			);
			mainGroup = 30552A372ACEB19E002DC455;
			productRefGroup = 30552A412ACEB19F002DC455 /* Products */;
			projectDirPath = "";
			projectRoot = "";
			targets = (
				30552A3F2ACEB19E002DC455 /* Pexels */,
			);
		};
/* End PBXProject section */

/* Begin PBXResourcesBuildPhase section */
		30552A3E2ACEB19E002DC455 /* Resources */ = {
			isa = PBXResourcesBuildPhase;
			buildActionMask = 2147483647;
			files = (
				308815922AE2933D00478BF5 /* ImageScrollViewController.xib in Resources */,
				30552A502ACEB19F002DC455 /* LaunchScreen.storyboard in Resources */,
				30552A4D2ACEB19F002DC455 /* Assets.xcassets in Resources */,
				307AAB432AD9176D00B751E7 /* MainViewController.xib in Resources */,
				3088158E2AE23A5000478BF5 /* PhotoCollectionViewCell.xib in Resources */,
				30C699392ACFEB5C00415C91 /* OnboardingCollectionViewCell.xib in Resources */,
				3023965A2AE3DB1100FACAAC /* SearchTextCollectionViewCell.xib in Resources */,
				30552A5A2ACEB28A002DC455 /* OnboardingViewController.xib in Resources */,
			);
			runOnlyForDeploymentPostprocessing = 0;
		};
/* End PBXResourcesBuildPhase section */

/* Begin PBXSourcesBuildPhase section */
		30552A3C2ACEB19E002DC455 /* Sources */ = {
			isa = PBXSourcesBuildPhase;
			buildActionMask = 2147483647;
			files = (
				30552A442ACEB19F002DC455 /* AppDelegate.swift in Sources */,
				3088158D2AE23A5000478BF5 /* PhotoCollectionViewCell.swift in Sources */,
				308815912AE2933D00478BF5 /* ImageScrollViewController.swift in Sources */,
				308CC82A2AD82E29005B70A2 /* OnboardingModel.swift in Sources */,
				30552A592ACEB28A002DC455 /* OnboardingViewController.swift in Sources */,
				307AAB422AD9176D00B751E7 /* MainViewController.swift in Sources */,
				30552A462ACEB19F002DC455 /* SceneDelegate.swift in Sources */,
				302396592AE3DB1100FACAAC /* SearchTextCollectionViewCell.swift in Sources */,
				30846C352ADE871200C3DF97 /* SearchPhotosResponce.swift in Sources */,
				30C699382ACFEB5C00415C91 /* OnboardingCollectionViewCell.swift in Sources */,
			);
			runOnlyForDeploymentPostprocessing = 0;
		};
/* End PBXSourcesBuildPhase section */

/* Begin PBXVariantGroup section */
		30552A4E2ACEB19F002DC455 /* LaunchScreen.storyboard */ = {
			isa = PBXVariantGroup;
			children = (
				30552A4F2ACEB19F002DC455 /* Base */,
			);
			name = LaunchScreen.storyboard;
			sourceTree = "<group>";
		};
/* End PBXVariantGroup section */

/* Begin XCBuildConfiguration section */
		30552A522ACEB19F002DC455 /* Debug */ = {
			isa = XCBuildConfiguration;
			buildSettings = {
				ALWAYS_SEARCH_USER_PATHS = NO;
				CLANG_ANALYZER_NONNULL = YES;
				CLANG_ANALYZER_NUMBER_OBJECT_CONVERSION = YES_AGGRESSIVE;
				CLANG_CXX_LANGUAGE_STANDARD = "gnu++20";
				CLANG_ENABLE_MODULES = YES;
				CLANG_ENABLE_OBJC_ARC = YES;
				CLANG_ENABLE_OBJC_WEAK = YES;
				CLANG_WARN_BLOCK_CAPTURE_AUTORELEASING = YES;
				CLANG_WARN_BOOL_CONVERSION = YES;
				CLANG_WARN_COMMA = YES;
				CLANG_WARN_CONSTANT_CONVERSION = YES;
				CLANG_WARN_DEPRECATED_OBJC_IMPLEMENTATIONS = YES;
				CLANG_WARN_DIRECT_OBJC_ISA_USAGE = YES_ERROR;
				CLANG_WARN_DOCUMENTATION_COMMENTS = YES;
				CLANG_WARN_EMPTY_BODY = YES;
				CLANG_WARN_ENUM_CONVERSION = YES;
				CLANG_WARN_INFINITE_RECURSION = YES;
				CLANG_WARN_INT_CONVERSION = YES;
				CLANG_WARN_NON_LITERAL_NULL_CONVERSION = YES;
				CLANG_WARN_OBJC_IMPLICIT_RETAIN_SELF = YES;
				CLANG_WARN_OBJC_LITERAL_CONVERSION = YES;
				CLANG_WARN_OBJC_ROOT_CLASS = YES_ERROR;
				CLANG_WARN_QUOTED_INCLUDE_IN_FRAMEWORK_HEADER = YES;
				CLANG_WARN_RANGE_LOOP_ANALYSIS = YES;
				CLANG_WARN_STRICT_PROTOTYPES = YES;
				CLANG_WARN_SUSPICIOUS_MOVE = YES;
				CLANG_WARN_UNGUARDED_AVAILABILITY = YES_AGGRESSIVE;
				CLANG_WARN_UNREACHABLE_CODE = YES;
				CLANG_WARN__DUPLICATE_METHOD_MATCH = YES;
				COPY_PHASE_STRIP = NO;
				DEBUG_INFORMATION_FORMAT = dwarf;
				ENABLE_STRICT_OBJC_MSGSEND = YES;
				ENABLE_TESTABILITY = YES;
				GCC_C_LANGUAGE_STANDARD = gnu11;
				GCC_DYNAMIC_NO_PIC = NO;
				GCC_NO_COMMON_BLOCKS = YES;
				GCC_OPTIMIZATION_LEVEL = 0;
				GCC_PREPROCESSOR_DEFINITIONS = (
					"DEBUG=1",
					"$(inherited)",
				);
				GCC_WARN_64_TO_32_BIT_CONVERSION = YES;
				GCC_WARN_ABOUT_RETURN_TYPE = YES_ERROR;
				GCC_WARN_UNDECLARED_SELECTOR = YES;
				GCC_WARN_UNINITIALIZED_AUTOS = YES_AGGRESSIVE;
				GCC_WARN_UNUSED_FUNCTION = YES;
				GCC_WARN_UNUSED_VARIABLE = YES;
				IPHONEOS_DEPLOYMENT_TARGET = 16.4;
				MTL_ENABLE_DEBUG_INFO = INCLUDE_SOURCE;
				MTL_FAST_MATH = YES;
				ONLY_ACTIVE_ARCH = YES;
				SDKROOT = iphoneos;
				SWIFT_ACTIVE_COMPILATION_CONDITIONS = DEBUG;
				SWIFT_OPTIMIZATION_LEVEL = "-Onone";
			};
			name = Debug;
		};
		30552A532ACEB19F002DC455 /* Release */ = {
			isa = XCBuildConfiguration;
			buildSettings = {
				ALWAYS_SEARCH_USER_PATHS = NO;
				CLANG_ANALYZER_NONNULL = YES;
				CLANG_ANALYZER_NUMBER_OBJECT_CONVERSION = YES_AGGRESSIVE;
				CLANG_CXX_LANGUAGE_STANDARD = "gnu++20";
				CLANG_ENABLE_MODULES = YES;
				CLANG_ENABLE_OBJC_ARC = YES;
				CLANG_ENABLE_OBJC_WEAK = YES;
				CLANG_WARN_BLOCK_CAPTURE_AUTORELEASING = YES;
				CLANG_WARN_BOOL_CONVERSION = YES;
				CLANG_WARN_COMMA = YES;
				CLANG_WARN_CONSTANT_CONVERSION = YES;
				CLANG_WARN_DEPRECATED_OBJC_IMPLEMENTATIONS = YES;
				CLANG_WARN_DIRECT_OBJC_ISA_USAGE = YES_ERROR;
				CLANG_WARN_DOCUMENTATION_COMMENTS = YES;
				CLANG_WARN_EMPTY_BODY = YES;
				CLANG_WARN_ENUM_CONVERSION = YES;
				CLANG_WARN_INFINITE_RECURSION = YES;
				CLANG_WARN_INT_CONVERSION = YES;
				CLANG_WARN_NON_LITERAL_NULL_CONVERSION = YES;
				CLANG_WARN_OBJC_IMPLICIT_RETAIN_SELF = YES;
				CLANG_WARN_OBJC_LITERAL_CONVERSION = YES;
				CLANG_WARN_OBJC_ROOT_CLASS = YES_ERROR;
				CLANG_WARN_QUOTED_INCLUDE_IN_FRAMEWORK_HEADER = YES;
				CLANG_WARN_RANGE_LOOP_ANALYSIS = YES;
				CLANG_WARN_STRICT_PROTOTYPES = YES;
				CLANG_WARN_SUSPICIOUS_MOVE = YES;
				CLANG_WARN_UNGUARDED_AVAILABILITY = YES_AGGRESSIVE;
				CLANG_WARN_UNREACHABLE_CODE = YES;
				CLANG_WARN__DUPLICATE_METHOD_MATCH = YES;
				COPY_PHASE_STRIP = NO;
				DEBUG_INFORMATION_FORMAT = "dwarf-with-dsym";
				ENABLE_NS_ASSERTIONS = NO;
				ENABLE_STRICT_OBJC_MSGSEND = YES;
				GCC_C_LANGUAGE_STANDARD = gnu11;
				GCC_NO_COMMON_BLOCKS = YES;
				GCC_WARN_64_TO_32_BIT_CONVERSION = YES;
				GCC_WARN_ABOUT_RETURN_TYPE = YES_ERROR;
				GCC_WARN_UNDECLARED_SELECTOR = YES;
				GCC_WARN_UNINITIALIZED_AUTOS = YES_AGGRESSIVE;
				GCC_WARN_UNUSED_FUNCTION = YES;
				GCC_WARN_UNUSED_VARIABLE = YES;
				IPHONEOS_DEPLOYMENT_TARGET = 16.4;
				MTL_ENABLE_DEBUG_INFO = NO;
				MTL_FAST_MATH = YES;
				SDKROOT = iphoneos;
				SWIFT_COMPILATION_MODE = wholemodule;
				SWIFT_OPTIMIZATION_LEVEL = "-O";
				VALIDATE_PRODUCT = YES;
			};
			name = Release;
		};
		30552A552ACEB19F002DC455 /* Debug */ = {
			isa = XCBuildConfiguration;
			buildSettings = {
				ASSETCATALOG_COMPILER_APPICON_NAME = AppIcon;
				ASSETCATALOG_COMPILER_GLOBAL_ACCENT_COLOR_NAME = AccentColor;
				CODE_SIGN_STYLE = Automatic;
				CURRENT_PROJECT_VERSION = 1;
				DEVELOPMENT_TEAM = WH4G4PZ5KA;
				GENERATE_INFOPLIST_FILE = YES;
				INFOPLIST_FILE = Pexels/Info.plist;
				INFOPLIST_KEY_UIApplicationSupportsIndirectInputEvents = YES;
				INFOPLIST_KEY_UILaunchStoryboardName = LaunchScreen;
				INFOPLIST_KEY_UISupportedInterfaceOrientations_iPad = "UIInterfaceOrientationPortrait UIInterfaceOrientationPortraitUpsideDown UIInterfaceOrientationLandscapeLeft UIInterfaceOrientationLandscapeRight";
				INFOPLIST_KEY_UISupportedInterfaceOrientations_iPhone = "UIInterfaceOrientationPortrait UIInterfaceOrientationLandscapeLeft UIInterfaceOrientationLandscapeRight";
				IPHONEOS_DEPLOYMENT_TARGET = 15.0;
				LD_RUNPATH_SEARCH_PATHS = (
					"$(inherited)",
					"@executable_path/Frameworks",
				);
				MARKETING_VERSION = 1.0;
				PRODUCT_BUNDLE_IDENTIFIER = com.auatbayeva.Pexels;
				PRODUCT_NAME = "$(TARGET_NAME)";
				SWIFT_EMIT_LOC_STRINGS = YES;
				SWIFT_VERSION = 5.0;
				TARGETED_DEVICE_FAMILY = "1,2";
			};
			name = Debug;
		};
		30552A562ACEB19F002DC455 /* Release */ = {
			isa = XCBuildConfiguration;
			buildSettings = {
				ASSETCATALOG_COMPILER_APPICON_NAME = AppIcon;
				ASSETCATALOG_COMPILER_GLOBAL_ACCENT_COLOR_NAME = AccentColor;
				CODE_SIGN_STYLE = Automatic;
				CURRENT_PROJECT_VERSION = 1;
				DEVELOPMENT_TEAM = WH4G4PZ5KA;
				GENERATE_INFOPLIST_FILE = YES;
				INFOPLIST_FILE = Pexels/Info.plist;
				INFOPLIST_KEY_UIApplicationSupportsIndirectInputEvents = YES;
				INFOPLIST_KEY_UILaunchStoryboardName = LaunchScreen;
				INFOPLIST_KEY_UISupportedInterfaceOrientations_iPad = "UIInterfaceOrientationPortrait UIInterfaceOrientationPortraitUpsideDown UIInterfaceOrientationLandscapeLeft UIInterfaceOrientationLandscapeRight";
				INFOPLIST_KEY_UISupportedInterfaceOrientations_iPhone = "UIInterfaceOrientationPortrait UIInterfaceOrientationLandscapeLeft UIInterfaceOrientationLandscapeRight";
				IPHONEOS_DEPLOYMENT_TARGET = 15.0;
				LD_RUNPATH_SEARCH_PATHS = (
					"$(inherited)",
					"@executable_path/Frameworks",
				);
				MARKETING_VERSION = 1.0;
				PRODUCT_BUNDLE_IDENTIFIER = com.auatbayeva.Pexels;
				PRODUCT_NAME = "$(TARGET_NAME)";
				SWIFT_EMIT_LOC_STRINGS = YES;
				SWIFT_VERSION = 5.0;
				TARGETED_DEVICE_FAMILY = "1,2";
			};
			name = Release;
		};
/* End XCBuildConfiguration section */

/* Begin XCConfigurationList section */
		30552A3B2ACEB19E002DC455 /* Build configuration list for PBXProject "Pexels" */ = {
			isa = XCConfigurationList;
			buildConfigurations = (
				30552A522ACEB19F002DC455 /* Debug */,
				30552A532ACEB19F002DC455 /* Release */,
			);
			defaultConfigurationIsVisible = 0;
			defaultConfigurationName = Release;
		};
		30552A542ACEB19F002DC455 /* Build configuration list for PBXNativeTarget "Pexels" */ = {
			isa = XCConfigurationList;
			buildConfigurations = (
				30552A552ACEB19F002DC455 /* Debug */,
				30552A562ACEB19F002DC455 /* Release */,
			);
			defaultConfigurationIsVisible = 0;
			defaultConfigurationName = Release;
		};
/* End XCConfigurationList section */
	};
	rootObject = 30552A382ACEB19E002DC455 /* Project object */;
}
